
Microsoft Visual Studio Solution File, Format Version 12.00
# Visual Studio Version 16
VisualStudioVersion = 16.0.30204.135
MinimumVisualStudioVersion = 10.0.40219.1
Project("{FAE04EC0-301F-11D3-BF4B-00C04F79EFBC}") = "A_ConsoleToWeb", "A_ConsoleToWeb.csproj", "{92D8A231-10A1-4335-BD00-6783A633078B}"
EndProject
Global
	GlobalSection(SolutionConfigurationPlatforms) = preSolution
		Debug|Any CPU = Debug|Any CPU
		Release|Any CPU = Release|Any CPU
	EndGlobalSection
	GlobalSection(ProjectConfigurationPlatforms) = postSolution
		{92D8A231-10A1-4335-BD00-6783A633078B}.Debug|Any CPU.ActiveCfg = Debug|Any CPU
		{92D8A231-10A1-4335-BD00-6783A633078B}.Debug|Any CPU.Build.0 = Debug|Any CPU
		{92D8A231-10A1-4335-BD00-6783A633078B}.Release|Any CPU.ActiveCfg = Release|Any CPU
		{92D8A231-10A1-4335-BD00-6783A633078B}.Release|Any CPU.Build.0 = Release|Any CPU
	EndGlobalSection
	GlobalSection(SolutionProperties) = preSolution
		HideSolutionNode = FALSE
	EndGlobalSection
	GlobalSection(ExtensibilityGlobals) = postSolution
		SolutionGuid = {EEE450B8-3CC4-4D7E-AAB7-9301551112BC}
	EndGlobalSection
EndGlobal
