
Microsoft Visual Studio Solution File, Format Version 12.00
# Visual Studio Version 16
VisualStudioVersion = 16.0.30204.135
MinimumVisualStudioVersion = 10.0.40219.1
Project("{FAE04EC0-301F-11D3-BF4B-00C04F79EFBC}") = "O_ViewBag_ViewData", "O_ViewBag_ViewData.csproj", "{52FE4401-AE1F-4B8A-B713-5C5A10BDBF00}"
EndProject
Global
	GlobalSection(SolutionConfigurationPlatforms) = preSolution
		Debug|Any CPU = Debug|Any CPU
		Release|Any CPU = Release|Any CPU
	EndGlobalSection
	GlobalSection(ProjectConfigurationPlatforms) = postSolution
		{52FE4401-AE1F-4B8A-B713-5C5A10BDBF00}.Debug|Any CPU.ActiveCfg = Debug|Any CPU
		{52FE4401-AE1F-4B8A-B713-5C5A10BDBF00}.Debug|Any CPU.Build.0 = Debug|Any CPU
		{52FE4401-AE1F-4B8A-B713-5C5A10BDBF00}.Release|Any CPU.ActiveCfg = Release|Any CPU
		{52FE4401-AE1F-4B8A-B713-5C5A10BDBF00}.Release|Any CPU.Build.0 = Release|Any CPU
	EndGlobalSection
	GlobalSection(SolutionProperties) = preSolution
		HideSolutionNode = FALSE
	EndGlobalSection
	GlobalSection(ExtensibilityGlobals) = postSolution
		SolutionGuid = {070E9566-A04A-4E94-927D-50EC14069EB2}
	EndGlobalSection
EndGlobal
