
Microsoft Visual Studio Solution File, Format Version 12.00
# Visual Studio Version 16
VisualStudioVersion = 16.0.30309.148
MinimumVisualStudioVersion = 10.0.40219.1
Project("{FAE04EC0-301F-11D3-BF4B-00C04F79EFBC}") = "Y_Partial_View_Multiple_Images_Pdf_Upload", "Y_Partial_View_Multiple_Images_Pdf_Upload.csproj", "{7825F199-7A75-4572-B26F-43C1DD0CBAA7}"
EndProject
Global
	GlobalSection(SolutionConfigurationPlatforms) = preSolution
		Debug|Any CPU = Debug|Any CPU
		Release|Any CPU = Release|Any CPU
	EndGlobalSection
	GlobalSection(ProjectConfigurationPlatforms) = postSolution
		{7825F199-7A75-4572-B26F-43C1DD0CBAA7}.Debug|Any CPU.ActiveCfg = Debug|Any CPU
		{7825F199-7A75-4572-B26F-43C1DD0CBAA7}.Debug|Any CPU.Build.0 = Debug|Any CPU
		{7825F199-7A75-4572-B26F-43C1DD0CBAA7}.Release|Any CPU.ActiveCfg = Release|Any CPU
		{7825F199-7A75-4572-B26F-43C1DD0CBAA7}.Release|Any CPU.Build.0 = Release|Any CPU
	EndGlobalSection
	GlobalSection(SolutionProperties) = preSolution
		HideSolutionNode = FALSE
	EndGlobalSection
	GlobalSection(ExtensibilityGlobals) = postSolution
		SolutionGuid = {B8789261-712D-4611-BA7E-69EDFE749105}
	EndGlobalSection
EndGlobal
