
Microsoft Visual Studio Solution File, Format Version 12.00
# Visual Studio Version 16
VisualStudioVersion = 16.0.30204.135
MinimumVisualStudioVersion = 10.0.40219.1
Project("{FAE04EC0-301F-11D3-BF4B-00C04F79EFBC}") = "R_Image_Environment_Link_Form_TagHelper", "R_Image_Environment_Link_Form_TagHelper.csproj", "{CC37D051-E895-4533-8A4D-BD2CE7FC93FF}"
EndProject
Global
	GlobalSection(SolutionConfigurationPlatforms) = preSolution
		Debug|Any CPU = Debug|Any CPU
		Release|Any CPU = Release|Any CPU
	EndGlobalSection
	GlobalSection(ProjectConfigurationPlatforms) = postSolution
		{CC37D051-E895-4533-8A4D-BD2CE7FC93FF}.Debug|Any CPU.ActiveCfg = Debug|Any CPU
		{CC37D051-E895-4533-8A4D-BD2CE7FC93FF}.Debug|Any CPU.Build.0 = Debug|Any CPU
		{CC37D051-E895-4533-8A4D-BD2CE7FC93FF}.Release|Any CPU.ActiveCfg = Release|Any CPU
		{CC37D051-E895-4533-8A4D-BD2CE7FC93FF}.Release|Any CPU.Build.0 = Release|Any CPU
	EndGlobalSection
	GlobalSection(SolutionProperties) = preSolution
		HideSolutionNode = FALSE
	EndGlobalSection
	GlobalSection(ExtensibilityGlobals) = postSolution
		SolutionGuid = {4FCDB107-AF77-45BB-98BB-2467521D4809}
	EndGlobalSection
EndGlobal
