
Microsoft Visual Studio Solution File, Format Version 12.00
# Visual Studio Version 16
VisualStudioVersion = 16.0.30309.148
MinimumVisualStudioVersion = 10.0.40219.1
Project("{FAE04EC0-301F-11D3-BF4B-00C04F79EFBC}") = "X_Client_Side_Validation_Upload_Image", "X_Client_Side_Validation_Upload_Image.csproj", "{6E883A4C-E9CC-4B8B-824C-28957AC1F26E}"
EndProject
Global
	GlobalSection(SolutionConfigurationPlatforms) = preSolution
		Debug|Any CPU = Debug|Any CPU
		Release|Any CPU = Release|Any CPU
	EndGlobalSection
	GlobalSection(ProjectConfigurationPlatforms) = postSolution
		{6E883A4C-E9CC-4B8B-824C-28957AC1F26E}.Debug|Any CPU.ActiveCfg = Debug|Any CPU
		{6E883A4C-E9CC-4B8B-824C-28957AC1F26E}.Debug|Any CPU.Build.0 = Debug|Any CPU
		{6E883A4C-E9CC-4B8B-824C-28957AC1F26E}.Release|Any CPU.ActiveCfg = Release|Any CPU
		{6E883A4C-E9CC-4B8B-824C-28957AC1F26E}.Release|Any CPU.Build.0 = Release|Any CPU
	EndGlobalSection
	GlobalSection(SolutionProperties) = preSolution
		HideSolutionNode = FALSE
	EndGlobalSection
	GlobalSection(ExtensibilityGlobals) = postSolution
		SolutionGuid = {BF8426F9-858C-40C6-ADD0-01472DA1222B}
	EndGlobalSection
EndGlobal
