
Microsoft Visual Studio Solution File, Format Version 12.00
# Visual Studio Version 16
VisualStudioVersion = 16.0.30204.135
MinimumVisualStudioVersion = 10.0.40219.1
Project("{FAE04EC0-301F-11D3-BF4B-00C04F79EFBC}") = "C_Environment_Variables", "C_Environment_Variables.csproj", "{2657241C-A6B1-4A13-A162-263D4E750D84}"
EndProject
Global
	GlobalSection(SolutionConfigurationPlatforms) = preSolution
		Debug|Any CPU = Debug|Any CPU
		Release|Any CPU = Release|Any CPU
	EndGlobalSection
	GlobalSection(ProjectConfigurationPlatforms) = postSolution
		{2657241C-A6B1-4A13-A162-263D4E750D84}.Debug|Any CPU.ActiveCfg = Debug|Any CPU
		{2657241C-A6B1-4A13-A162-263D4E750D84}.Debug|Any CPU.Build.0 = Debug|Any CPU
		{2657241C-A6B1-4A13-A162-263D4E750D84}.Release|Any CPU.ActiveCfg = Release|Any CPU
		{2657241C-A6B1-4A13-A162-263D4E750D84}.Release|Any CPU.Build.0 = Release|Any CPU
	EndGlobalSection
	GlobalSection(SolutionProperties) = preSolution
		HideSolutionNode = FALSE
	EndGlobalSection
	GlobalSection(ExtensibilityGlobals) = postSolution
		SolutionGuid = {958E5876-D422-486D-872B-F93CCE6B8CF6}
	EndGlobalSection
EndGlobal
